// !$*UTF8*$!
{
	archiveVersion = 1;
	classes = {
	};
	objectVersion = 46;
	objects = {

/* Begin PBXBuildFile section */
		B9165E3A1721C85A0003B117 /* CoreMotion.framework in Frameworks */ = {isa = PBXBuildFile; fileRef = B9165E391721C85A0003B117 /* CoreMotion.framework */; };
		B9294FF6171E266800E6F602 /* UIKit.framework in Frameworks */ = {isa = PBXBuildFile; fileRef = B9294FF5171E266800E6F602 /* UIKit.framework */; };
		B9294FF8171E266800E6F602 /* Foundation.framework in Frameworks */ = {isa = PBXBuildFile; fileRef = B9294FF7171E266800E6F602 /* Foundation.framework */; };
		B9294FFA171E266800E6F602 /* CoreGraphics.framework in Frameworks */ = {isa = PBXBuildFile; fileRef = B9294FF9171E266800E6F602 /* CoreGraphics.framework */; };
		B9295000171E266800E6F602 /* InfoPlist.strings in Resources */ = {isa = PBXBuildFile; fileRef = B9294FFE171E266800E6F602 /* InfoPlist.strings */; };
		B9295002171E266800E6F602 /* main.m in Sources */ = {isa = PBXBuildFile; fileRef = B9295001171E266800E6F602 /* main.m */; };
		B9295006171E266800E6F602 /* BIDAppDelegate.m in Sources */ = {isa = PBXBuildFile; fileRef = B9295005171E266800E6F602 /* BIDAppDelegate.m */; };
		B9295008171E266800E6F602 /* Default.png in Resources */ = {isa = PBXBuildFile; fileRef = B9295007171E266800E6F602 /* Default.png */; };
		B929500A171E266800E6F602 /* Default@2x.png in Resources */ = {isa = PBXBuildFile; fileRef = B9295009171E266800E6F602 /* Default@2x.png */; };
		B929500C171E266800E6F602 /* Default-568h@2x.png in Resources */ = {isa = PBXBuildFile; fileRef = B929500B171E266800E6F602 /* Default-568h@2x.png */; };
		B929500F171E266800E6F602 /* BIDViewController.m in Sources */ = {isa = PBXBuildFile; fileRef = B929500E171E266800E6F602 /* BIDViewController.m */; };
		B9295012171E266800E6F602 /* BIDViewController.xib in Resources */ = {isa = PBXBuildFile; fileRef = B9295010171E266800E6F602 /* BIDViewController.xib */; };
		B929501E171E278F00E6F602 /* libpd-ios.a in Frameworks */ = {isa = PBXBuildFile; fileRef = B929501D171E268500E6F602 /* libpd-ios.a */; };
		B9295020171E279700E6F602 /* AudioToolbox.framework in Frameworks */ = {isa = PBXBuildFile; fileRef = B929501F171E279700E6F602 /* AudioToolbox.framework */; };
		B9295022171E279D00E6F602 /* AVFoundation.framework in Frameworks */ = {isa = PBXBuildFile; fileRef = B9295021171E279D00E6F602 /* AVFoundation.framework */; };
		B9295028171E27C800E6F602 /* _panner.pd in Resources */ = {isa = PBXBuildFile; fileRef = B9295024171E27C800E6F602 /* _panner.pd */; };
		B9295029171E27C800E6F602 /* delay_patch.pd in Resources */ = {isa = PBXBuildFile; fileRef = B9295025171E27C800E6F602 /* delay_patch.pd */; };
		B929502A171E27C800E6F602 /* delay_patch_Accele.pd in Resources */ = {isa = PBXBuildFile; fileRef = B9295026171E27C800E6F602 /* delay_patch_Accele.pd */; };
		B929502B171E27C800E6F602 /* flute_violin.wav in Resources */ = {isa = PBXBuildFile; fileRef = B9295027171E27C800E6F602 /* flute_violin.wav */; };
/* End PBXBuildFile section */

/* Begin PBXContainerItemProxy section */
		B929501C171E268500E6F602 /* PBXContainerItemProxy */ = {
			isa = PBXContainerItemProxy;
			containerPortal = B9295018171E268400E6F602 /* libpd.xcodeproj */;
			proxyType = 2;
			remoteGlobalIDString = D2AAC07E0554694100DB518D;
			remoteInfo = "libpd-ios";
		};
/* End PBXContainerItemProxy section */

/* Begin PBXFileReference section */
		B9165E391721C85A0003B117 /* CoreMotion.framework */ = {isa = PBXFileReference; lastKnownFileType = wrapper.framework; name = CoreMotion.framework; path = System/Library/Frameworks/CoreMotion.framework; sourceTree = SDKROOT; };
		B9294FF2171E266800E6F602 /* Dream_Accele.app */ = {isa = PBXFileReference; explicitFileType = wrapper.application; includeInIndex = 0; path = Dream_Accele.app; sourceTree = BUILT_PRODUCTS_DIR; };
		B9294FF5171E266800E6F602 /* UIKit.framework */ = {isa = PBXFileReference; lastKnownFileType = wrapper.framework; name = UIKit.framework; path = System/Library/Frameworks/UIKit.framework; sourceTree = SDKROOT; };
		B9294FF7171E266800E6F602 /* Foundation.framework */ = {isa = PBXFileReference; lastKnownFileType = wrapper.framework; name = Foundation.framework; path = System/Library/Frameworks/Foundation.framework; sourceTree = SDKROOT; };
		B9294FF9171E266800E6F602 /* CoreGraphics.framework */ = {isa = PBXFileReference; lastKnownFileType = wrapper.framework; name = CoreGraphics.framework; path = System/Library/Frameworks/CoreGraphics.framework; sourceTree = SDKROOT; };
		B9294FFD171E266800E6F602 /* Dream_Accele-Info.plist */ = {isa = PBXFileReference; lastKnownFileType = text.plist.xml; path = "Dream_Accele-Info.plist"; sourceTree = "<group>"; };
		B9294FFF171E266800E6F602 /* en */ = {isa = PBXFileReference; lastKnownFileType = text.plist.strings; name = en; path = en.lproj/InfoPlist.strings; sourceTree = "<group>"; };
		B9295001171E266800E6F602 /* main.m */ = {isa = PBXFileReference; lastKnownFileType = sourcecode.c.objc; path = main.m; sourceTree = "<group>"; };
		B9295003171E266800E6F602 /* Dream_Accele-Prefix.pch */ = {isa = PBXFileReference; lastKnownFileType = sourcecode.c.h; path = "Dream_Accele-Prefix.pch"; sourceTree = "<group>"; };
		B9295004171E266800E6F602 /* BIDAppDelegate.h */ = {isa = PBXFileReference; lastKnownFileType = sourcecode.c.h; path = BIDAppDelegate.h; sourceTree = "<group>"; };
		B9295005171E266800E6F602 /* BIDAppDelegate.m */ = {isa = PBXFileReference; lastKnownFileType = sourcecode.c.objc; path = BIDAppDelegate.m; sourceTree = "<group>"; };
		B9295007171E266800E6F602 /* Default.png */ = {isa = PBXFileReference; lastKnownFileType = image.png; path = Default.png; sourceTree = "<group>"; };
		B9295009171E266800E6F602 /* Default@2x.png */ = {isa = PBXFileReference; lastKnownFileType = image.png; path = "Default@2x.png"; sourceTree = "<group>"; };
		B929500B171E266800E6F602 /* Default-568h@2x.png */ = {isa = PBXFileReference; lastKnownFileType = image.png; path = "Default-568h@2x.png"; sourceTree = "<group>"; };
		B929500D171E266800E6F602 /* BIDViewController.h */ = {isa = PBXFileReference; lastKnownFileType = sourcecode.c.h; path = BIDViewController.h; sourceTree = "<group>"; };
		B929500E171E266800E6F602 /* BIDViewController.m */ = {isa = PBXFileReference; lastKnownFileType = sourcecode.c.objc; path = BIDViewController.m; sourceTree = "<group>"; };
		B9295011171E266800E6F602 /* en */ = {isa = PBXFileReference; lastKnownFileType = file.xib; name = en; path = en.lproj/BIDViewController.xib; sourceTree = "<group>"; };
		B9295018171E268400E6F602 /* libpd.xcodeproj */ = {isa = PBXFileReference; lastKnownFileType = "wrapper.pb-project"; name = libpd.xcodeproj; path = "../../iOS_pd/pd-for-ios/libpd/libpd.xcodeproj"; sourceTree = "<group>"; };
		B929501F171E279700E6F602 /* AudioToolbox.framework */ = {isa = PBXFileReference; lastKnownFileType = wrapper.framework; name = AudioToolbox.framework; path = System/Library/Frameworks/AudioToolbox.framework; sourceTree = SDKROOT; };
		B9295021171E279D00E6F602 /* AVFoundation.framework */ = {isa = PBXFileReference; lastKnownFileType = wrapper.framework; name = AVFoundation.framework; path = System/Library/Frameworks/AVFoundation.framework; sourceTree = SDKROOT; };
		B9295024171E27C800E6F602 /* _panner.pd */ = {isa = PBXFileReference; fileEncoding = 4; lastKnownFileType = text; path = _panner.pd; sourceTree = "<group>"; };
		B9295025171E27C800E6F602 /* delay_patch.pd */ = {isa = PBXFileReference; fileEncoding = 4; lastKnownFileType = text; path = delay_patch.pd; sourceTree = "<group>"; };
		B9295026171E27C800E6F602 /* delay_patch_Accele.pd */ = {isa = PBXFileReference; fileEncoding = 4; lastKnownFileType = text; path = delay_patch_Accele.pd; sourceTree = "<group>"; };
		B9295027171E27C800E6F602 /* flute_violin.wav */ = {isa = PBXFileReference; lastKnownFileType = audio.wav; path = flute_violin.wav; sourceTree = "<group>"; };
/* End PBXFileReference section */

/* Begin PBXFrameworksBuildPhase section */
		B9294FEF171E266800E6F602 /* Frameworks */ = {
			isa = PBXFrameworksBuildPhase;
			buildActionMask = 2147483647;
			files = (
				B9165E3A1721C85A0003B117 /* CoreMotion.framework in Frameworks */,
				B9295022171E279D00E6F602 /* AVFoundation.framework in Frameworks */,
				B9295020171E279700E6F602 /* AudioToolbox.framework in Frameworks */,
				B929501E171E278F00E6F602 /* libpd-ios.a in Frameworks */,
				B9294FF6171E266800E6F602 /* UIKit.framework in Frameworks */,
				B9294FF8171E266800E6F602 /* Foundation.framework in Frameworks */,
				B9294FFA171E266800E6F602 /* CoreGraphics.framework in Frameworks */,
			);
			runOnlyForDeploymentPostprocessing = 0;
		};
/* End PBXFrameworksBuildPhase section */

/* Begin PBXGroup section */
		B9294FE9171E266800E6F602 = {
			isa = PBXGroup;
			children = (
				B9165E391721C85A0003B117 /* CoreMotion.framework */,
				B9295023171E27C800E6F602 /* Dream_on_Patch */,
				B9295021171E279D00E6F602 /* AVFoundation.framework */,
				B929501F171E279700E6F602 /* AudioToolbox.framework */,
				B9295018171E268400E6F602 /* libpd.xcodeproj */,
				B9294FFB171E266800E6F602 /* Dream_Accele */,
				B9294FF4171E266800E6F602 /* Frameworks */,
				B9294FF3171E266800E6F602 /* Products */,
			);
			sourceTree = "<group>";
		};
		B9294FF3171E266800E6F602 /* Products */ = {
			isa = PBXGroup;
			children = (
				B9294FF2171E266800E6F602 /* Dream_Accele.app */,
			);
			name = Products;
			sourceTree = "<group>";
		};
		B9294FF4171E266800E6F602 /* Frameworks */ = {
			isa = PBXGroup;
			children = (
				B9294FF5171E266800E6F602 /* UIKit.framework */,
				B9294FF7171E266800E6F602 /* Foundation.framework */,
				B9294FF9171E266800E6F602 /* CoreGraphics.framework */,
			);
			name = Frameworks;
			sourceTree = "<group>";
		};
		B9294FFB171E266800E6F602 /* Dream_Accele */ = {
			isa = PBXGroup;
			children = (
				B9295004171E266800E6F602 /* BIDAppDelegate.h */,
				B9295005171E266800E6F602 /* BIDAppDelegate.m */,
				B929500D171E266800E6F602 /* BIDViewController.h */,
				B929500E171E266800E6F602 /* BIDViewController.m */,
				B9295010171E266800E6F602 /* BIDViewController.xib */,
				B9294FFC171E266800E6F602 /* Supporting Files */,
			);
			path = Dream_Accele;
			sourceTree = "<group>";
		};
		B9294FFC171E266800E6F602 /* Supporting Files */ = {
			isa = PBXGroup;
			children = (
				B9294FFD171E266800E6F602 /* Dream_Accele-Info.plist */,
				B9294FFE171E266800E6F602 /* InfoPlist.strings */,
				B9295001171E266800E6F602 /* main.m */,
				B9295003171E266800E6F602 /* Dream_Accele-Prefix.pch */,
				B9295007171E266800E6F602 /* Default.png */,
				B9295009171E266800E6F602 /* Default@2x.png */,
				B929500B171E266800E6F602 /* Default-568h@2x.png */,
			);
			name = "Supporting Files";
			sourceTree = "<group>";
		};
		B9295019171E268400E6F602 /* Products */ = {
			isa = PBXGroup;
			children = (
				B929501D171E268500E6F602 /* libpd-ios.a */,
			);
			name = Products;
			sourceTree = "<group>";
		};
		B9295023171E27C800E6F602 /* Dream_on_Patch */ = {
			isa = PBXGroup;
			children = (
				B9295024171E27C800E6F602 /* _panner.pd */,
				B9295025171E27C800E6F602 /* delay_patch.pd */,
				B9295026171E27C800E6F602 /* delay_patch_Accele.pd */,
				B9295027171E27C800E6F602 /* flute_violin.wav */,
			);
			name = Dream_on_Patch;
			path = ../../../PdProject/Dream_on_Patch;
			sourceTree = "<group>";
		};
/* End PBXGroup section */

/* Begin PBXNativeTarget section */
		B9294FF1171E266800E6F602 /* Dream_Accele */ = {
			isa = PBXNativeTarget;
			buildConfigurationList = B9295015171E266800E6F602 /* Build configuration list for PBXNativeTarget "Dream_Accele" */;
			buildPhases = (
				B9294FEE171E266800E6F602 /* Sources */,
				B9294FEF171E266800E6F602 /* Frameworks */,
				B9294FF0171E266800E6F602 /* Resources */,
			);
			buildRules = (
			);
			dependencies = (
			);
			name = Dream_Accele;
			productName = Dream_Accele;
			productReference = B9294FF2171E266800E6F602 /* Dream_Accele.app */;
			productType = "com.apple.product-type.application";
		};
/* End PBXNativeTarget section */

/* Begin PBXProject section */
		B9294FEA171E266800E6F602 /* Project object */ = {
			isa = PBXProject;
			attributes = {
				CLASSPREFIX = BID;
				LastUpgradeCheck = 0460;
				ORGANIZATIONNAME = Apress;
			};
			buildConfigurationList = B9294FED171E266800E6F602 /* Build configuration list for PBXProject "Dream_Accele" */;
			compatibilityVersion = "Xcode 3.2";
			developmentRegion = English;
			hasScannedForEncodings = 0;
			knownRegions = (
				en,
			);
			mainGroup = B9294FE9171E266800E6F602;
			productRefGroup = B9294FF3171E266800E6F602 /* Products */;
			projectDirPath = "";
			projectReferences = (
				{
					ProductGroup = B9295019171E268400E6F602 /* Products */;
					ProjectRef = B9295018171E268400E6F602 /* libpd.xcodeproj */;
				},
			);
			projectRoot = "";
			targets = (
				B9294FF1171E266800E6F602 /* Dream_Accele */,
			);
		};
/* End PBXProject section */

/* Begin PBXReferenceProxy section */
		B929501D171E268500E6F602 /* libpd-ios.a */ = {
			isa = PBXReferenceProxy;
			fileType = archive.ar;
			path = "libpd-ios.a";
			remoteRef = B929501C171E268500E6F602 /* PBXContainerItemProxy */;
			sourceTree = BUILT_PRODUCTS_DIR;
		};
/* End PBXReferenceProxy section */

/* Begin PBXResourcesBuildPhase section */
		B9294FF0171E266800E6F602 /* Resources */ = {
			isa = PBXResourcesBuildPhase;
			buildActionMask = 2147483647;
			files = (
				B9295000171E266800E6F602 /* InfoPlist.strings in Resources */,
				B9295008171E266800E6F602 /* Default.png in Resources */,
				B929500A171E266800E6F602 /* Default@2x.png in Resources */,
				B929500C171E266800E6F602 /* Default-568h@2x.png in Resources */,
				B9295012171E266800E6F602 /* BIDViewController.xib in Resources */,
				B9295028171E27C800E6F602 /* _panner.pd in Resources */,
				B9295029171E27C800E6F602 /* delay_patch.pd in Resources */,
				B929502A171E27C800E6F602 /* delay_patch_Accele.pd in Resources */,
				B929502B171E27C800E6F602 /* flute_violin.wav in Resources */,
			);
			runOnlyForDeploymentPostprocessing = 0;
		};
/* End PBXResourcesBuildPhase section */

/* Begin PBXSourcesBuildPhase section */
		B9294FEE171E266800E6F602 /* Sources */ = {
			isa = PBXSourcesBuildPhase;
			buildActionMask = 2147483647;
			files = (
				B9295002171E266800E6F602 /* main.m in Sources */,
				B9295006171E266800E6F602 /* BIDAppDelegate.m in Sources */,
				B929500F171E266800E6F602 /* BIDViewController.m in Sources */,
			);
			runOnlyForDeploymentPostprocessing = 0;
		};
/* End PBXSourcesBuildPhase section */

/* Begin PBXVariantGroup section */
		B9294FFE171E266800E6F602 /* InfoPlist.strings */ = {
			isa = PBXVariantGroup;
			children = (
				B9294FFF171E266800E6F602 /* en */,
			);
			name = InfoPlist.strings;
			sourceTree = "<group>";
		};
		B9295010171E266800E6F602 /* BIDViewController.xib */ = {
			isa = PBXVariantGroup;
			children = (
				B9295011171E266800E6F602 /* en */,
			);
			name = BIDViewController.xib;
			sourceTree = "<group>";
		};
/* End PBXVariantGroup section */

/* Begin XCBuildConfiguration section */
		B9295013171E266800E6F602 /* Debug */ = {
			isa = XCBuildConfiguration;
			buildSettings = {
				ALWAYS_SEARCH_USER_PATHS = NO;
				CLANG_CXX_LANGUAGE_STANDARD = "gnu++0x";
				CLANG_CXX_LIBRARY = "libc++";
				CLANG_ENABLE_OBJC_ARC = YES;
				CLANG_WARN_CONSTANT_CONVERSION = YES;
				CLANG_WARN_EMPTY_BODY = YES;
				CLANG_WARN_ENUM_CONVERSION = YES;
				CLANG_WARN_INT_CONVERSION = YES;
				CLANG_WARN__DUPLICATE_METHOD_MATCH = YES;
				"CODE_SIGN_IDENTITY[sdk=iphoneos*]" = "iPhone Developer";
				COPY_PHASE_STRIP = NO;
				GCC_C_LANGUAGE_STANDARD = gnu99;
				GCC_DYNAMIC_NO_PIC = NO;
				GCC_OPTIMIZATION_LEVEL = 0;
				GCC_PREPROCESSOR_DEFINITIONS = (
					"DEBUG=1",
					"$(inherited)",
				);
				GCC_SYMBOLS_PRIVATE_EXTERN = NO;
				GCC_WARN_ABOUT_RETURN_TYPE = YES;
				GCC_WARN_UNINITIALIZED_AUTOS = YES;
				GCC_WARN_UNUSED_VARIABLE = YES;
				IPHONEOS_DEPLOYMENT_TARGET = 6.1;
				ONLY_ACTIVE_ARCH = YES;
				SDKROOT = iphoneos;
			};
			name = Debug;
		};
		B9295014171E266800E6F602 /* Release */ = {
			isa = XCBuildConfiguration;
			buildSettings = {
				ALWAYS_SEARCH_USER_PATHS = NO;
				CLANG_CXX_LANGUAGE_STANDARD = "gnu++0x";
				CLANG_CXX_LIBRARY = "libc++";
				CLANG_ENABLE_OBJC_ARC = YES;
				CLANG_WARN_CONSTANT_CONVERSION = YES;
				CLANG_WARN_EMPTY_BODY = YES;
				CLANG_WARN_ENUM_CONVERSION = YES;
				CLANG_WARN_INT_CONVERSION = YES;
				CLANG_WARN__DUPLICATE_METHOD_MATCH = YES;
				"CODE_SIGN_IDENTITY[sdk=iphoneos*]" = "iPhone Developer";
				COPY_PHASE_STRIP = YES;
				GCC_C_LANGUAGE_STANDARD = gnu99;
				GCC_WARN_ABOUT_RETURN_TYPE = YES;
				GCC_WARN_UNINITIALIZED_AUTOS = YES;
				GCC_WARN_UNUSED_VARIABLE = YES;
				IPHONEOS_DEPLOYMENT_TARGET = 6.1;
				OTHER_CFLAGS = "-DNS_BLOCK_ASSERTIONS=1";
				SDKROOT = iphoneos;
				VALIDATE_PRODUCT = YES;
			};
			name = Release;
		};
		B9295016171E266800E6F602 /* Debug */ = {
			isa = XCBuildConfiguration;
			buildSettings = {
				GCC_PRECOMPILE_PREFIX_HEADER = YES;
				GCC_PREFIX_HEADER = "Dream_Accele/Dream_Accele-Prefix.pch";
				INFOPLIST_FILE = "Dream_Accele/Dream_Accele-Info.plist";
				IPHONEOS_DEPLOYMENT_TARGET = 6.0;
				PRODUCT_NAME = "$(TARGET_NAME)";
				USER_HEADER_SEARCH_PATHS = "/Volumes/Macintosh\\ HD/Xcode\\ Project/iOS_pd/pd-for-ios/libpd/**";
				WRAPPER_EXTENSION = app;
			};
			name = Debug;
		};
		B9295017171E266800E6F602 /* Release */ = {
			isa = XCBuildConfiguration;
			buildSettings = {
				GCC_PRECOMPILE_PREFIX_HEADER = YES;
				GCC_PREFIX_HEADER = "Dream_Accele/Dream_Accele-Prefix.pch";
				INFOPLIST_FILE = "Dream_Accele/Dream_Accele-Info.plist";
				IPHONEOS_DEPLOYMENT_TARGET = 6.0;
				PRODUCT_NAME = "$(TARGET_NAME)";
				USER_HEADER_SEARCH_PATHS = "/Volumes/Macintosh\\ HD/Xcode\\ Project/iOS_pd/pd-for-ios/libpd/**";
				WRAPPER_EXTENSION = app;
			};
			name = Release;
		};
/* End XCBuildConfiguration section */

/* Begin XCConfigurationList section */
		B9294FED171E266800E6F602 /* Build configuration list for PBXProject "Dream_Accele" */ = {
			isa = XCConfigurationList;
			buildConfigurations = (
				B9295013171E266800E6F602 /* Debug */,
				B9295014171E266800E6F602 /* Release */,
			);
			defaultConfigurationIsVisible = 0;
			defaultConfigurationName = Release;
		};
		B9295015171E266800E6F602 /* Build configuration list for PBXNativeTarget "Dream_Accele" */ = {
			isa = XCConfigurationList;
			buildConfigurations = (
				B9295016171E266800E6F602 /* Debug */,
				B9295017171E266800E6F602 /* Release */,
			);
			defaultConfigurationIsVisible = 0;
			defaultConfigurationName = Release;
		};
/* End XCConfigurationList section */
	};
	rootObject = B9294FEA171E266800E6F602 /* Project object */;
}
